
Microsoft Visual Studio Solution File, Format Version 12.00
# Visual Studio Version 16
VisualStudioVersion = 16.0.30413.136
MinimumVisualStudioVersion = 10.0.40219.1
Project("{14c8f1ed-5704-4a57-bb47-4ea7b2cf407e}") = "ProceduralAudio", "ProceduralAudio.vcxproj", "{14295001-916e-4763-a4c5-dd174d786b19}"
EndProject
Global
	GlobalSection(SolutionConfigurationPlatforms) = preSolution
		Debug|x64 = Debug|x64
		Debug|x86 = Debug|x86
		Release|x64 = Release|x64
		Release|x86 = Release|x86
	EndGlobalSection
	GlobalSection(ProjectConfigurationPlatforms) = postSolution
		{14295001-916e-4763-a4c5-dd174d786b19}.Debug|x64.ActiveCfg = Debug|x64
		{14295001-916e-4763-a4c5-dd174d786b19}.Debug|x64.Build.0 = Debug|x64
		{14295001-916e-4763-a4c5-dd174d786b19}.Debug|x86.ActiveCfg = Debug|Win32
		{14295001-916e-4763-a4c5-dd174d786b19}.Debug|x86.Build.0 = Debug|Win32
		{14295001-916e-4763-a4c5-dd174d786b19}.Release|x64.ActiveCfg = Release|x64
		{14295001-916e-4763-a4c5-dd174d786b19}.Release|x64.Build.0 = Release|x64
		{14295001-916e-4763-a4c5-dd174d786b19}.Release|x86.ActiveCfg = Release|Win32
		{14295001-916e-4763-a4c5-dd174d786b19}.Release|x86.Build.0 = Release|Win32
	EndGlobalSection
	GlobalSection(SolutionProperties) = preSolution
		HideSolutionNode = FALSE
	EndGlobalSection
	GlobalSection(ExtensibilityGlobals) = postSolution
		SolutionGuid = {63D9BE64-1D15-477E-8BC7-8999A9D46CE7}
	EndGlobalSection
EndGlobal
